// !$*UTF8*$!
{
	archiveVersion = 1;
	classes = {
	};
	objectVersion = 55;
	objects = {

/* Begin PBXBuildFile section */
		C81304C227C7F797007DD29D /* HKWeatherApp.swift in Sources */ = {isa = PBXBuildFile; fileRef = C81304C127C7F797007DD29D /* HKWeatherApp.swift */; };
		C81304C427C7F797007DD29D /* ContentView.swift in Sources */ = {isa = PBXBuildFile; fileRef = C81304C327C7F797007DD29D /* ContentView.swift */; };
		C81304C627C7F79A007DD29D /* Assets.xcassets in Resources */ = {isa = PBXBuildFile; fileRef = C81304C527C7F79A007DD29D /* Assets.xcassets */; };
		C81304C927C7F79A007DD29D /* Preview Assets.xcassets in Resources */ = {isa = PBXBuildFile; fileRef = C81304C827C7F79A007DD29D /* Preview Assets.xcassets */; };
		C81304D127C7F7E4007DD29D /* Lottie in Frameworks */ = {isa = PBXBuildFile; productRef = C81304D027C7F7E4007DD29D /* Lottie */; };
		C81304FB27C7F802007DD29D /* WeatherModel.swift in Sources */ = {isa = PBXBuildFile; fileRef = C81304D327C7F801007DD29D /* WeatherModel.swift */; };
		C81304FC27C7F802007DD29D /* WeatherResponseModel.swift in Sources */ = {isa = PBXBuildFile; fileRef = C81304D427C7F801007DD29D /* WeatherResponseModel.swift */; };
		C81304FD27C7F802007DD29D /* WeatherDailyModel.swift in Sources */ = {isa = PBXBuildFile; fileRef = C81304D527C7F801007DD29D /* WeatherDailyModel.swift */; };
		C81304FE27C7F802007DD29D /* TemperatureModel.swift in Sources */ = {isa = PBXBuildFile; fileRef = C81304D627C7F801007DD29D /* TemperatureModel.swift */; };
		C81304FF27C7F802007DD29D /* WeatherDetailModel.swift in Sources */ = {isa = PBXBuildFile; fileRef = C81304D727C7F801007DD29D /* WeatherDetailModel.swift */; };
		C813050027C7F802007DD29D /* NetworkingManager.swift in Sources */ = {isa = PBXBuildFile; fileRef = C81304D927C7F801007DD29D /* NetworkingManager.swift */; };
		C813050127C7F802007DD29D /* WeatherApi.swift in Sources */ = {isa = PBXBuildFile; fileRef = C81304DA27C7F801007DD29D /* WeatherApi.swift */; };
		C813050227C7F802007DD29D /* WeatherViewModel.swift in Sources */ = {isa = PBXBuildFile; fileRef = C81304DC27C7F801007DD29D /* WeatherViewModel.swift */; };
		C813050327C7F802007DD29D /* HourlyWeatherView.swift in Sources */ = {isa = PBXBuildFile; fileRef = C81304DE27C7F801007DD29D /* HourlyWeatherView.swift */; };
		C813050427C7F802007DD29D /* TodayWeatherView.swift in Sources */ = {isa = PBXBuildFile; fileRef = C81304DF27C7F801007DD29D /* TodayWeatherView.swift */; };
		C813050527C7F802007DD29D /* WeatherForecastView.swift in Sources */ = {isa = PBXBuildFile; fileRef = C81304E027C7F801007DD29D /* WeatherForecastView.swift */; };
		C813050627C7F802007DD29D /* DailyWeatherView.swift in Sources */ = {isa = PBXBuildFile; fileRef = C81304E127C7F801007DD29D /* DailyWeatherView.swift */; };
		C813050727C7F802007DD29D /* LabelledDivider.swift in Sources */ = {isa = PBXBuildFile; fileRef = C81304E327C7F801007DD29D /* LabelledDivider.swift */; };
		C813050827C7F802007DD29D /* LottieView.swift in Sources */ = {isa = PBXBuildFile; fileRef = C81304E427C7F801007DD29D /* LottieView.swift */; };
		C813050927C7F802007DD29D /* CityOverviewView.swift in Sources */ = {isa = PBXBuildFile; fileRef = C81304E527C7F801007DD29D /* CityOverviewView.swift */; };
		C813050A27C7F802007DD29D /* Utils.swift in Sources */ = {isa = PBXBuildFile; fileRef = C81304E727C7F801007DD29D /* Utils.swift */; };
		C813050B27C7F802007DD29D /* nightScatteredClouds.json in Resources */ = {isa = PBXBuildFile; fileRef = C81304E927C7F802007DD29D /* nightScatteredClouds.json */; };
		C813050C27C7F802007DD29D /* nightThunderstorm.json in Resources */ = {isa = PBXBuildFile; fileRef = C81304EA27C7F802007DD29D /* nightThunderstorm.json */; };
		C813050D27C7F802007DD29D /* dayClearSky.json in Resources */ = {isa = PBXBuildFile; fileRef = C81304EB27C7F802007DD29D /* dayClearSky.json */; };
		C813050E27C7F802007DD29D /* dayFewClouds.json in Resources */ = {isa = PBXBuildFile; fileRef = C81304EC27C7F802007DD29D /* dayFewClouds.json */; };
		C813050F27C7F802007DD29D /* nightShowerRains.json in Resources */ = {isa = PBXBuildFile; fileRef = C81304ED27C7F802007DD29D /* nightShowerRains.json */; };
		C813051027C7F802007DD29D /* dayBrokenClouds.json in Resources */ = {isa = PBXBuildFile; fileRef = C81304EE27C7F802007DD29D /* dayBrokenClouds.json */; };
		C813051127C7F802007DD29D /* nightMist.json in Resources */ = {isa = PBXBuildFile; fileRef = C81304EF27C7F802007DD29D /* nightMist.json */; };
		C813051227C7F802007DD29D /* nightSnow.json in Resources */ = {isa = PBXBuildFile; fileRef = C81304F027C7F802007DD29D /* nightSnow.json */; };
		C813051327C7F802007DD29D /* dayRain.json in Resources */ = {isa = PBXBuildFile; fileRef = C81304F127C7F802007DD29D /* dayRain.json */; };
		C813051427C7F802007DD29D /* nightFewClouds.json in Resources */ = {isa = PBXBuildFile; fileRef = C81304F227C7F802007DD29D /* nightFewClouds.json */; };
		C813051527C7F802007DD29D /* nightBrokenClouds.json in Resources */ = {isa = PBXBuildFile; fileRef = C81304F327C7F802007DD29D /* nightBrokenClouds.json */; };
		C813051627C7F802007DD29D /* dayShowerRains.json in Resources */ = {isa = PBXBuildFile; fileRef = C81304F427C7F802007DD29D /* dayShowerRains.json */; };
		C813051727C7F802007DD29D /* daySnow.json in Resources */ = {isa = PBXBuildFile; fileRef = C81304F527C7F802007DD29D /* daySnow.json */; };
		C813051827C7F802007DD29D /* dayScatteredClouds.json in Resources */ = {isa = PBXBuildFile; fileRef = C81304F627C7F802007DD29D /* dayScatteredClouds.json */; };
		C813051927C7F802007DD29D /* nightRain.json in Resources */ = {isa = PBXBuildFile; fileRef = C81304F727C7F802007DD29D /* nightRain.json */; };
		C813051A27C7F802007DD29D /* dayThunderstorm.json in Resources */ = {isa = PBXBuildFile; fileRef = C81304F827C7F802007DD29D /* dayThunderstorm.json */; };
		C813051B27C7F802007DD29D /* nightClearSky.json in Resources */ = {isa = PBXBuildFile; fileRef = C81304F927C7F802007DD29D /* nightClearSky.json */; };
		C813051C27C7F802007DD29D /* dayMist.json in Resources */ = {isa = PBXBuildFile; fileRef = C81304FA27C7F802007DD29D /* dayMist.json */; };
/* End PBXBuildFile section */

/* Begin PBXFileReference section */
		C81304BE27C7F797007DD29D /* HKWeather.app */ = {isa = PBXFileReference; explicitFileType = wrapper.application; includeInIndex = 0; path = HKWeather.app; sourceTree = BUILT_PRODUCTS_DIR; };
		C81304C127C7F797007DD29D /* HKWeatherApp.swift */ = {isa = PBXFileReference; lastKnownFileType = sourcecode.swift; path = HKWeatherApp.swift; sourceTree = "<group>"; };
		C81304C327C7F797007DD29D /* ContentView.swift */ = {isa = PBXFileReference; lastKnownFileType = sourcecode.swift; path = ContentView.swift; sourceTree = "<group>"; };
		C81304C527C7F79A007DD29D /* Assets.xcassets */ = {isa = PBXFileReference; lastKnownFileType = folder.assetcatalog; path = Assets.xcassets; sourceTree = "<group>"; };
		C81304C827C7F79A007DD29D /* Preview Assets.xcassets */ = {isa = PBXFileReference; lastKnownFileType = folder.assetcatalog; path = "Preview Assets.xcassets"; sourceTree = "<group>"; };
		C81304D327C7F801007DD29D /* WeatherModel.swift */ = {isa = PBXFileReference; fileEncoding = 4; lastKnownFileType = sourcecode.swift; path = WeatherModel.swift; sourceTree = "<group>"; };
		C81304D427C7F801007DD29D /* WeatherResponseModel.swift */ = {isa = PBXFileReference; fileEncoding = 4; lastKnownFileType = sourcecode.swift; path = WeatherResponseModel.swift; sourceTree = "<group>"; };
		C81304D527C7F801007DD29D /* WeatherDailyModel.swift */ = {isa = PBXFileReference; fileEncoding = 4; lastKnownFileType = sourcecode.swift; path = WeatherDailyModel.swift; sourceTree = "<group>"; };
		C81304D627C7F801007DD29D /* TemperatureModel.swift */ = {isa = PBXFileReference; fileEncoding = 4; lastKnownFileType = sourcecode.swift; path = TemperatureModel.swift; sourceTree = "<group>"; };
		C81304D727C7F801007DD29D /* WeatherDetailModel.swift */ = {isa = PBXFileReference; fileEncoding = 4; lastKnownFileType = sourcecode.swift; path = WeatherDetailModel.swift; sourceTree = "<group>"; };
		C81304D927C7F801007DD29D /* NetworkingManager.swift */ = {isa = PBXFileReference; fileEncoding = 4; lastKnownFileType = sourcecode.swift; path = NetworkingManager.swift; sourceTree = "<group>"; };
		C81304DA27C7F801007DD29D /* WeatherApi.swift */ = {isa = PBXFileReference; fileEncoding = 4; lastKnownFileType = sourcecode.swift; path = WeatherApi.swift; sourceTree = "<group>"; };
		C81304DC27C7F801007DD29D /* WeatherViewModel.swift */ = {isa = PBXFileReference; fileEncoding = 4; lastKnownFileType = sourcecode.swift; path = WeatherViewModel.swift; sourceTree = "<group>"; };
		C81304DE27C7F801007DD29D /* HourlyWeatherView.swift */ = {isa = PBXFileReference; fileEncoding = 4; lastKnownFileType = sourcecode.swift; path = HourlyWeatherView.swift; sourceTree = "<group>"; };
		C81304DF27C7F801007DD29D /* TodayWeatherView.swift */ = {isa = PBXFileReference; fileEncoding = 4; lastKnownFileType = sourcecode.swift; path = TodayWeatherView.swift; sourceTree = "<group>"; };
		C81304E027C7F801007DD29D /* WeatherForecastView.swift */ = {isa = PBXFileReference; fileEncoding = 4; lastKnownFileType = sourcecode.swift; path = WeatherForecastView.swift; sourceTree = "<group>"; };
		C81304E127C7F801007DD29D /* DailyWeatherView.swift */ = {isa = PBXFileReference; fileEncoding = 4; lastKnownFileType = sourcecode.swift; path = DailyWeatherView.swift; sourceTree = "<group>"; };
		C81304E327C7F801007DD29D /* LabelledDivider.swift */ = {isa = PBXFileReference; fileEncoding = 4; lastKnownFileType = sourcecode.swift; path = LabelledDivider.swift; sourceTree = "<group>"; };
		C81304E427C7F801007DD29D /* LottieView.swift */ = {isa = PBXFileReference; fileEncoding = 4; lastKnownFileType = sourcecode.swift; path = LottieView.swift; sourceTree = "<group>"; };
		C81304E527C7F801007DD29D /* CityOverviewView.swift */ = {isa = PBXFileReference; fileEncoding = 4; lastKnownFileType = sourcecode.swift; path = CityOverviewView.swift; sourceTree = "<group>"; };
		C81304E727C7F801007DD29D /* Utils.swift */ = {isa = PBXFileReference; fileEncoding = 4; lastKnownFileType = sourcecode.swift; path = Utils.swift; sourceTree = "<group>"; };
		C81304E927C7F802007DD29D /* nightScatteredClouds.json */ = {isa = PBXFileReference; fileEncoding = 4; lastKnownFileType = text.json; path = nightScatteredClouds.json; sourceTree = "<group>"; };
		C81304EA27C7F802007DD29D /* nightThunderstorm.json */ = {isa = PBXFileReference; fileEncoding = 4; lastKnownFileType = text.json; path = nightThunderstorm.json; sourceTree = "<group>"; };
		C81304EB27C7F802007DD29D /* dayClearSky.json */ = {isa = PBXFileReference; fileEncoding = 4; lastKnownFileType = text.json; path = dayClearSky.json; sourceTree = "<group>"; };
		C81304EC27C7F802007DD29D /* dayFewClouds.json */ = {isa = PBXFileReference; fileEncoding = 4; lastKnownFileType = text.json; path = dayFewClouds.json; sourceTree = "<group>"; };
		C81304ED27C7F802007DD29D /* nightShowerRains.json */ = {isa = PBXFileReference; fileEncoding = 4; lastKnownFileType = text.json; path = nightShowerRains.json; sourceTree = "<group>"; };
		C81304EE27C7F802007DD29D /* dayBrokenClouds.json */ = {isa = PBXFileReference; fileEncoding = 4; lastKnownFileType = text.json; path = dayBrokenClouds.json; sourceTree = "<group>"; };
		C81304EF27C7F802007DD29D /* nightMist.json */ = {isa = PBXFileReference; fileEncoding = 4; lastKnownFileType = text.json; path = nightMist.json; sourceTree = "<group>"; };
		C81304F027C7F802007DD29D /* nightSnow.json */ = {isa = PBXFileReference; fileEncoding = 4; lastKnownFileType = text.json; path = nightSnow.json; sourceTree = "<group>"; };
		C81304F127C7F802007DD29D /* dayRain.json */ = {isa = PBXFileReference; fileEncoding = 4; lastKnownFileType = text.json; path = dayRain.json; sourceTree = "<group>"; };
		C81304F227C7F802007DD29D /* nightFewClouds.json */ = {isa = PBXFileReference; fileEncoding = 4; lastKnownFileType = text.json; path = nightFewClouds.json; sourceTree = "<group>"; };
		C81304F327C7F802007DD29D /* nightBrokenClouds.json */ = {isa = PBXFileReference; fileEncoding = 4; lastKnownFileType = text.json; path = nightBrokenClouds.json; sourceTree = "<group>"; };
		C81304F427C7F802007DD29D /* dayShowerRains.json */ = {isa = PBXFileReference; fileEncoding = 4; lastKnownFileType = text.json; path = dayShowerRains.json; sourceTree = "<group>"; };
		C81304F527C7F802007DD29D /* daySnow.json */ = {isa = PBXFileReference; fileEncoding = 4; lastKnownFileType = text.json; path = daySnow.json; sourceTree = "<group>"; };
		C81304F627C7F802007DD29D /* dayScatteredClouds.json */ = {isa = PBXFileReference; fileEncoding = 4; lastKnownFileType = text.json; path = dayScatteredClouds.json; sourceTree = "<group>"; };
		C81304F727C7F802007DD29D /* nightRain.json */ = {isa = PBXFileReference; fileEncoding = 4; lastKnownFileType = text.json; path = nightRain.json; sourceTree = "<group>"; };
		C81304F827C7F802007DD29D /* dayThunderstorm.json */ = {isa = PBXFileReference; fileEncoding = 4; lastKnownFileType = text.json; path = dayThunderstorm.json; sourceTree = "<group>"; };
		C81304F927C7F802007DD29D /* nightClearSky.json */ = {isa = PBXFileReference; fileEncoding = 4; lastKnownFileType = text.json; path = nightClearSky.json; sourceTree = "<group>"; };
		C81304FA27C7F802007DD29D /* dayMist.json */ = {isa = PBXFileReference; fileEncoding = 4; lastKnownFileType = text.json; path = dayMist.json; sourceTree = "<group>"; };
/* End PBXFileReference section */

/* Begin PBXFrameworksBuildPhase section */
		C81304BB27C7F797007DD29D /* Frameworks */ = {
			isa = PBXFrameworksBuildPhase;
			buildActionMask = 2147483647;
			files = (
				C81304D127C7F7E4007DD29D /* Lottie in Frameworks */,
			);
			runOnlyForDeploymentPostprocessing = 0;
		};
/* End PBXFrameworksBuildPhase section */

/* Begin PBXGroup section */
		C81304B527C7F797007DD29D = {
			isa = PBXGroup;
			children = (
				C81304C027C7F797007DD29D /* HKWeather */,
				C81304BF27C7F797007DD29D /* Products */,
			);
			sourceTree = "<group>";
		};
		C81304BF27C7F797007DD29D /* Products */ = {
			isa = PBXGroup;
			children = (
				C81304BE27C7F797007DD29D /* HKWeather.app */,
			);
			name = Products;
			sourceTree = "<group>";
		};
		C81304C027C7F797007DD29D /* HKWeather */ = {
			isa = PBXGroup;
			children = (
				C81304E827C7F802007DD29D /* LottieAnimations */,
				C81304D227C7F801007DD29D /* Models */,
				C81304D827C7F801007DD29D /* Networking */,
				C81304E627C7F801007DD29D /* Utilities */,
				C81304DB27C7F801007DD29D /* ViewModels */,
				C81304DD27C7F801007DD29D /* Views */,
				C81304C127C7F797007DD29D /* HKWeatherApp.swift */,
				C81304C527C7F79A007DD29D /* Assets.xcassets */,
				C81304C727C7F79A007DD29D /* Preview Content */,
			);
			path = HKWeather;
			sourceTree = "<group>";
		};
		C81304C727C7F79A007DD29D /* Preview Content */ = {
			isa = PBXGroup;
			children = (
				C81304C827C7F79A007DD29D /* Preview Assets.xcassets */,
			);
			path = "Preview Content";
			sourceTree = "<group>";
		};
		C81304D227C7F801007DD29D /* Models */ = {
			isa = PBXGroup;
			children = (
				C81304D327C7F801007DD29D /* WeatherModel.swift */,
				C81304D427C7F801007DD29D /* WeatherResponseModel.swift */,
				C81304D527C7F801007DD29D /* WeatherDailyModel.swift */,
				C81304D627C7F801007DD29D /* TemperatureModel.swift */,
				C81304D727C7F801007DD29D /* WeatherDetailModel.swift */,
			);
			path = Models;
			sourceTree = "<group>";
		};
		C81304D827C7F801007DD29D /* Networking */ = {
			isa = PBXGroup;
			children = (
				C81304D927C7F801007DD29D /* NetworkingManager.swift */,
				C81304DA27C7F801007DD29D /* WeatherApi.swift */,
			);
			path = Networking;
			sourceTree = "<group>";
		};
		C81304DB27C7F801007DD29D /* ViewModels */ = {
			isa = PBXGroup;
			children = (
				C81304DC27C7F801007DD29D /* WeatherViewModel.swift */,
			);
			path = ViewModels;
			sourceTree = "<group>";
		};
		C81304DD27C7F801007DD29D /* Views */ = {
			isa = PBXGroup;
			children = (
				C81304DE27C7F801007DD29D /* HourlyWeatherView.swift */,
				C81304DF27C7F801007DD29D /* TodayWeatherView.swift */,
				C81304E027C7F801007DD29D /* WeatherForecastView.swift */,
				C81304E127C7F801007DD29D /* DailyWeatherView.swift */,
				C81304E227C7F801007DD29D /* Components */,
				C81304E527C7F801007DD29D /* CityOverviewView.swift */,
				C81304C327C7F797007DD29D /* ContentView.swift */,
			);
			path = Views;
			sourceTree = "<group>";
		};
		C81304E227C7F801007DD29D /* Components */ = {
			isa = PBXGroup;
			children = (
				C81304E327C7F801007DD29D /* LabelledDivider.swift */,
				C81304E427C7F801007DD29D /* LottieView.swift */,
			);
			path = Components;
			sourceTree = "<group>";
		};
		C81304E627C7F801007DD29D /* Utilities */ = {
			isa = PBXGroup;
			children = (
				C81304E727C7F801007DD29D /* Utils.swift */,
			);
			path = Utilities;
			sourceTree = "<group>";
		};
		C81304E827C7F802007DD29D /* LottieAnimations */ = {
			isa = PBXGroup;
			children = (
				C81304E927C7F802007DD29D /* nightScatteredClouds.json */,
				C81304EA27C7F802007DD29D /* nightThunderstorm.json */,
				C81304EB27C7F802007DD29D /* dayClearSky.json */,
				C81304EC27C7F802007DD29D /* dayFewClouds.json */,
				C81304ED27C7F802007DD29D /* nightShowerRains.json */,
				C81304EE27C7F802007DD29D /* dayBrokenClouds.json */,
				C81304EF27C7F802007DD29D /* nightMist.json */,
				C81304F027C7F802007DD29D /* nightSnow.json */,
				C81304F127C7F802007DD29D /* dayRain.json */,
				C81304F227C7F802007DD29D /* nightFewClouds.json */,
				C81304F327C7F802007DD29D /* nightBrokenClouds.json */,
				C81304F427C7F802007DD29D /* dayShowerRains.json */,
				C81304F527C7F802007DD29D /* daySnow.json */,
				C81304F627C7F802007DD29D /* dayScatteredClouds.json */,
				C81304F727C7F802007DD29D /* nightRain.json */,
				C81304F827C7F802007DD29D /* dayThunderstorm.json */,
				C81304F927C7F802007DD29D /* nightClearSky.json */,
				C81304FA27C7F802007DD29D /* dayMist.json */,
			);
			path = LottieAnimations;
			sourceTree = "<group>";
		};
/* End PBXGroup section */

/* Begin PBXNativeTarget section */
		C81304BD27C7F797007DD29D /* HKWeather */ = {
			isa = PBXNativeTarget;
			buildConfigurationList = C81304CC27C7F79A007DD29D /* Build configuration list for PBXNativeTarget "HKWeather" */;
			buildPhases = (
				C81304BA27C7F797007DD29D /* Sources */,
				C81304BB27C7F797007DD29D /* Frameworks */,
				C81304BC27C7F797007DD29D /* Resources */,
			);
			buildRules = (
			);
			dependencies = (
			);
			name = HKWeather;
			packageProductDependencies = (
				C81304D027C7F7E4007DD29D /* Lottie */,
			);
			productName = HKWeather;
			productReference = C81304BE27C7F797007DD29D /* HKWeather.app */;
			productType = "com.apple.product-type.application";
		};
/* End PBXNativeTarget section */

/* Begin PBXProject section */
		C81304B627C7F797007DD29D /* Project object */ = {
			isa = PBXProject;
			attributes = {
				BuildIndependentTargetsInParallel = 1;
				LastSwiftUpdateCheck = 1320;
				LastUpgradeCheck = 1320;
				TargetAttributes = {
					C81304BD27C7F797007DD29D = {
						CreatedOnToolsVersion = 13.2.1;
					};
				};
			};
			buildConfigurationList = C81304B927C7F797007DD29D /* Build configuration list for PBXProject "HKWeather" */;
			compatibilityVersion = "Xcode 13.0";
			developmentRegion = en;
			hasScannedForEncodings = 0;
			knownRegions = (
				en,
				Base,
			);
			mainGroup = C81304B527C7F797007DD29D;
			packageReferences = (
				C81304CF27C7F7E4007DD29D /* XCRemoteSwiftPackageReference "lottie-ios" */,
			);
			productRefGroup = C81304BF27C7F797007DD29D /* Products */;
			projectDirPath = "";
			projectRoot = "";
			targets = (
				C81304BD27C7F797007DD29D /* HKWeather */,
			);
		};
/* End PBXProject section */

/* Begin PBXResourcesBuildPhase section */
		C81304BC27C7F797007DD29D /* Resources */ = {
			isa = PBXResourcesBuildPhase;
			buildActionMask = 2147483647;
			files = (
				C813051727C7F802007DD29D /* daySnow.json in Resources */,
				C81304C927C7F79A007DD29D /* Preview Assets.xcassets in Resources */,
				C813051427C7F802007DD29D /* nightFewClouds.json in Resources */,
				C813051327C7F802007DD29D /* dayRain.json in Resources */,
				C813050E27C7F802007DD29D /* dayFewClouds.json in Resources */,
				C813051A27C7F802007DD29D /* dayThunderstorm.json in Resources */,
				C813051627C7F802007DD29D /* dayShowerRains.json in Resources */,
				C813051C27C7F802007DD29D /* dayMist.json in Resources */,
				C813051827C7F802007DD29D /* dayScatteredClouds.json in Resources */,
				C813050B27C7F802007DD29D /* nightScatteredClouds.json in Resources */,
				C81304C627C7F79A007DD29D /* Assets.xcassets in Resources */,
				C813050F27C7F802007DD29D /* nightShowerRains.json in Resources */,
				C813051027C7F802007DD29D /* dayBrokenClouds.json in Resources */,
				C813050C27C7F802007DD29D /* nightThunderstorm.json in Resources */,
				C813051927C7F802007DD29D /* nightRain.json in Resources */,
				C813050D27C7F802007DD29D /* dayClearSky.json in Resources */,
				C813051B27C7F802007DD29D /* nightClearSky.json in Resources */,
				C813051527C7F802007DD29D /* nightBrokenClouds.json in Resources */,
				C813051127C7F802007DD29D /* nightMist.json in Resources */,
				C813051227C7F802007DD29D /* nightSnow.json in Resources */,
			);
			runOnlyForDeploymentPostprocessing = 0;
		};
/* End PBXResourcesBuildPhase section */

/* Begin PBXSourcesBuildPhase section */
		C81304BA27C7F797007DD29D /* Sources */ = {
			isa = PBXSourcesBuildPhase;
			buildActionMask = 2147483647;
			files = (
				C81304C427C7F797007DD29D /* ContentView.swift in Sources */,
				C813050627C7F802007DD29D /* DailyWeatherView.swift in Sources */,
				C81304FC27C7F802007DD29D /* WeatherResponseModel.swift in Sources */,
				C81304FE27C7F802007DD29D /* TemperatureModel.swift in Sources */,
				C81304FB27C7F802007DD29D /* WeatherModel.swift in Sources */,
				C81304C227C7F797007DD29D /* HKWeatherApp.swift in Sources */,
				C813050427C7F802007DD29D /* TodayWeatherView.swift in Sources */,
				C813050827C7F802007DD29D /* LottieView.swift in Sources */,
				C813050227C7F802007DD29D /* WeatherViewModel.swift in Sources */,
				C813050327C7F802007DD29D /* HourlyWeatherView.swift in Sources */,
				C813050527C7F802007DD29D /* WeatherForecastView.swift in Sources */,
				C813050A27C7F802007DD29D /* Utils.swift in Sources */,
				C813050727C7F802007DD29D /* LabelledDivider.swift in Sources */,
				C813050927C7F802007DD29D /* CityOverviewView.swift in Sources */,
				C813050027C7F802007DD29D /* NetworkingManager.swift in Sources */,
				C81304FF27C7F802007DD29D /* WeatherDetailModel.swift in Sources */,
				C81304FD27C7F802007DD29D /* WeatherDailyModel.swift in Sources */,
				C813050127C7F802007DD29D /* WeatherApi.swift in Sources */,
			);
			runOnlyForDeploymentPostprocessing = 0;
		};
/* End PBXSourcesBuildPhase section */

/* Begin XCBuildConfiguration section */
		C81304CA27C7F79A007DD29D /* Debug */ = {
			isa = XCBuildConfiguration;
			buildSettings = {
				ALWAYS_SEARCH_USER_PATHS = NO;
				CLANG_ANALYZER_NONNULL = YES;
				CLANG_ANALYZER_NUMBER_OBJECT_CONVERSION = YES_AGGRESSIVE;
				CLANG_CXX_LANGUAGE_STANDARD = "gnu++17";
				CLANG_CXX_LIBRARY = "libc++";
				CLANG_ENABLE_MODULES = YES;
				CLANG_ENABLE_OBJC_ARC = YES;
				CLANG_ENABLE_OBJC_WEAK = YES;
				CLANG_WARN_BLOCK_CAPTURE_AUTORELEASING = YES;
				CLANG_WARN_BOOL_CONVERSION = YES;
				CLANG_WARN_COMMA = YES;
				CLANG_WARN_CONSTANT_CONVERSION = YES;
				CLANG_WARN_DEPRECATED_OBJC_IMPLEMENTATIONS = YES;
				CLANG_WARN_DIRECT_OBJC_ISA_USAGE = YES_ERROR;
				CLANG_WARN_DOCUMENTATION_COMMENTS = YES;
				CLANG_WARN_EMPTY_BODY = YES;
				CLANG_WARN_ENUM_CONVERSION = YES;
				CLANG_WARN_INFINITE_RECURSION = YES;
				CLANG_WARN_INT_CONVERSION = YES;
				CLANG_WARN_NON_LITERAL_NULL_CONVERSION = YES;
				CLANG_WARN_OBJC_IMPLICIT_RETAIN_SELF = YES;
				CLANG_WARN_OBJC_LITERAL_CONVERSION = YES;
				CLANG_WARN_OBJC_ROOT_CLASS = YES_ERROR;
				CLANG_WARN_QUOTED_INCLUDE_IN_FRAMEWORK_HEADER = YES;
				CLANG_WARN_RANGE_LOOP_ANALYSIS = YES;
				CLANG_WARN_STRICT_PROTOTYPES = YES;
				CLANG_WARN_SUSPICIOUS_MOVE = YES;
				CLANG_WARN_UNGUARDED_AVAILABILITY = YES_AGGRESSIVE;
				CLANG_WARN_UNREACHABLE_CODE = YES;
				CLANG_WARN__DUPLICATE_METHOD_MATCH = YES;
				COPY_PHASE_STRIP = NO;
				DEBUG_INFORMATION_FORMAT = dwarf;
				ENABLE_STRICT_OBJC_MSGSEND = YES;
				ENABLE_TESTABILITY = YES;
				GCC_C_LANGUAGE_STANDARD = gnu11;
				GCC_DYNAMIC_NO_PIC = NO;
				GCC_NO_COMMON_BLOCKS = YES;
				GCC_OPTIMIZATION_LEVEL = 0;
				GCC_PREPROCESSOR_DEFINITIONS = (
					"DEBUG=1",
					"$(inherited)",
				);
				GCC_WARN_64_TO_32_BIT_CONVERSION = YES;
				GCC_WARN_ABOUT_RETURN_TYPE = YES_ERROR;
				GCC_WARN_UNDECLARED_SELECTOR = YES;
				GCC_WARN_UNINITIALIZED_AUTOS = YES_AGGRESSIVE;
				GCC_WARN_UNUSED_FUNCTION = YES;
				GCC_WARN_UNUSED_VARIABLE = YES;
				IPHONEOS_DEPLOYMENT_TARGET = 15.2;
				MTL_ENABLE_DEBUG_INFO = INCLUDE_SOURCE;
				MTL_FAST_MATH = YES;
				ONLY_ACTIVE_ARCH = YES;
				SDKROOT = iphoneos;
				SWIFT_ACTIVE_COMPILATION_CONDITIONS = DEBUG;
				SWIFT_OPTIMIZATION_LEVEL = "-Onone";
			};
			name = Debug;
		};
		C81304CB27C7F79A007DD29D /* Release */ = {
			isa = XCBuildConfiguration;
			buildSettings = {
				ALWAYS_SEARCH_USER_PATHS = NO;
				CLANG_ANALYZER_NONNULL = YES;
				CLANG_ANALYZER_NUMBER_OBJECT_CONVERSION = YES_AGGRESSIVE;
				CLANG_CXX_LANGUAGE_STANDARD = "gnu++17";
				CLANG_CXX_LIBRARY = "libc++";
				CLANG_ENABLE_MODULES = YES;
				CLANG_ENABLE_OBJC_ARC = YES;
				CLANG_ENABLE_OBJC_WEAK = YES;
				CLANG_WARN_BLOCK_CAPTURE_AUTORELEASING = YES;
				CLANG_WARN_BOOL_CONVERSION = YES;
				CLANG_WARN_COMMA = YES;
				CLANG_WARN_CONSTANT_CONVERSION = YES;
				CLANG_WARN_DEPRECATED_OBJC_IMPLEMENTATIONS = YES;
				CLANG_WARN_DIRECT_OBJC_ISA_USAGE = YES_ERROR;
				CLANG_WARN_DOCUMENTATION_COMMENTS = YES;
				CLANG_WARN_EMPTY_BODY = YES;
				CLANG_WARN_ENUM_CONVERSION = YES;
				CLANG_WARN_INFINITE_RECURSION = YES;
				CLANG_WARN_INT_CONVERSION = YES;
				CLANG_WARN_NON_LITERAL_NULL_CONVERSION = YES;
				CLANG_WARN_OBJC_IMPLICIT_RETAIN_SELF = YES;
				CLANG_WARN_OBJC_LITERAL_CONVERSION = YES;
				CLANG_WARN_OBJC_ROOT_CLASS = YES_ERROR;
				CLANG_WARN_QUOTED_INCLUDE_IN_FRAMEWORK_HEADER = YES;
				CLANG_WARN_RANGE_LOOP_ANALYSIS = YES;
				CLANG_WARN_STRICT_PROTOTYPES = YES;
				CLANG_WARN_SUSPICIOUS_MOVE = YES;
				CLANG_WARN_UNGUARDED_AVAILABILITY = YES_AGGRESSIVE;
				CLANG_WARN_UNREACHABLE_CODE = YES;
				CLANG_WARN__DUPLICATE_METHOD_MATCH = YES;
				COPY_PHASE_STRIP = NO;
				DEBUG_INFORMATION_FORMAT = "dwarf-with-dsym";
				ENABLE_NS_ASSERTIONS = NO;
				ENABLE_STRICT_OBJC_MSGSEND = YES;
				GCC_C_LANGUAGE_STANDARD = gnu11;
				GCC_NO_COMMON_BLOCKS = YES;
				GCC_WARN_64_TO_32_BIT_CONVERSION = YES;
				GCC_WARN_ABOUT_RETURN_TYPE = YES_ERROR;
				GCC_WARN_UNDECLARED_SELECTOR = YES;
				GCC_WARN_UNINITIALIZED_AUTOS = YES_AGGRESSIVE;
				GCC_WARN_UNUSED_FUNCTION = YES;
				GCC_WARN_UNUSED_VARIABLE = YES;
				IPHONEOS_DEPLOYMENT_TARGET = 15.2;
				MTL_ENABLE_DEBUG_INFO = NO;
				MTL_FAST_MATH = YES;
				SDKROOT = iphoneos;
				SWIFT_COMPILATION_MODE = wholemodule;
				SWIFT_OPTIMIZATION_LEVEL = "-O";
				VALIDATE_PRODUCT = YES;
			};
			name = Release;
		};
		C81304CD27C7F79A007DD29D /* Debug */ = {
			isa = XCBuildConfiguration;
			buildSettings = {
				ASSETCATALOG_COMPILER_APPICON_NAME = AppIcon;
				ASSETCATALOG_COMPILER_GLOBAL_ACCENT_COLOR_NAME = AccentColor;
				CODE_SIGN_STYLE = Automatic;
				CURRENT_PROJECT_VERSION = 1;
				DEVELOPMENT_ASSET_PATHS = "\"HKWeather/Preview Content\"";
				DEVELOPMENT_TEAM = 57WBJBT823;
				ENABLE_PREVIEWS = YES;
				GENERATE_INFOPLIST_FILE = YES;
				INFOPLIST_KEY_UIApplicationSceneManifest_Generation = YES;
				INFOPLIST_KEY_UIApplicationSupportsIndirectInputEvents = YES;
				INFOPLIST_KEY_UILaunchScreen_Generation = YES;
				INFOPLIST_KEY_UISupportedInterfaceOrientations_iPad = "UIInterfaceOrientationPortrait UIInterfaceOrientationPortraitUpsideDown UIInterfaceOrientationLandscapeLeft UIInterfaceOrientationLandscapeRight";
				INFOPLIST_KEY_UISupportedInterfaceOrientations_iPhone = "UIInterfaceOrientationPortrait UIInterfaceOrientationLandscapeLeft UIInterfaceOrientationLandscapeRight";
				LD_RUNPATH_SEARCH_PATHS = (
					"$(inherited)",
					"@executable_path/Frameworks",
				);
				MARKETING_VERSION = 1.0;
				PRODUCT_BUNDLE_IDENTIFIER = com.zack.HKWeather;
				PRODUCT_NAME = "$(TARGET_NAME)";
				SWIFT_EMIT_LOC_STRINGS = YES;
				SWIFT_VERSION = 5.0;
				TARGETED_DEVICE_FAMILY = "1,2";
			};
			name = Debug;
		};
		C81304CE27C7F79A007DD29D /* Release */ = {
			isa = XCBuildConfiguration;
			buildSettings = {
				ASSETCATALOG_COMPILER_APPICON_NAME = AppIcon;
				ASSETCATALOG_COMPILER_GLOBAL_ACCENT_COLOR_NAME = AccentColor;
				CODE_SIGN_STYLE = Automatic;
				CURRENT_PROJECT_VERSION = 1;
				DEVELOPMENT_ASSET_PATHS = "\"HKWeather/Preview Content\"";
				DEVELOPMENT_TEAM = 57WBJBT823;
				ENABLE_PREVIEWS = YES;
				GENERATE_INFOPLIST_FILE = YES;
				INFOPLIST_KEY_UIApplicationSceneManifest_Generation = YES;
				INFOPLIST_KEY_UIApplicationSupportsIndirectInputEvents = YES;
				INFOPLIST_KEY_UILaunchScreen_Generation = YES;
				INFOPLIST_KEY_UISupportedInterfaceOrientations_iPad = "UIInterfaceOrientationPortrait UIInterfaceOrientationPortraitUpsideDown UIInterfaceOrientationLandscapeLeft UIInterfaceOrientationLandscapeRight";
				INFOPLIST_KEY_UISupportedInterfaceOrientations_iPhone = "UIInterfaceOrientationPortrait UIInterfaceOrientationLandscapeLeft UIInterfaceOrientationLandscapeRight";
				LD_RUNPATH_SEARCH_PATHS = (
					"$(inherited)",
					"@executable_path/Frameworks",
				);
				MARKETING_VERSION = 1.0;
				PRODUCT_BUNDLE_IDENTIFIER = com.zack.HKWeather;
				PRODUCT_NAME = "$(TARGET_NAME)";
				SWIFT_EMIT_LOC_STRINGS = YES;
				SWIFT_VERSION = 5.0;
				TARGETED_DEVICE_FAMILY = "1,2";
			};
			name = Release;
		};
/* End XCBuildConfiguration section */

/* Begin XCConfigurationList section */
		C81304B927C7F797007DD29D /* Build configuration list for PBXProject "HKWeather" */ = {
			isa = XCConfigurationList;
			buildConfigurations = (
				C81304CA27C7F79A007DD29D /* Debug */,
				C81304CB27C7F79A007DD29D /* Release */,
			);
			defaultConfigurationIsVisible = 0;
			defaultConfigurationName = Release;
		};
		C81304CC27C7F79A007DD29D /* Build configuration list for PBXNativeTarget "HKWeather" */ = {
			isa = XCConfigurationList;
			buildConfigurations = (
				C81304CD27C7F79A007DD29D /* Debug */,
				C81304CE27C7F79A007DD29D /* Release */,
			);
			defaultConfigurationIsVisible = 0;
			defaultConfigurationName = Release;
		};
/* End XCConfigurationList section */

/* Begin XCRemoteSwiftPackageReference section */
		C81304CF27C7F7E4007DD29D /* XCRemoteSwiftPackageReference "lottie-ios" */ = {
			isa = XCRemoteSwiftPackageReference;
			repositoryURL = "https://github.com/airbnb/lottie-ios.git";
			requirement = {
				branch = master;
				kind = branch;
			};
		};
/* End XCRemoteSwiftPackageReference section */

/* Begin XCSwiftPackageProductDependency section */
		C81304D027C7F7E4007DD29D /* Lottie */ = {
			isa = XCSwiftPackageProductDependency;
			package = C81304CF27C7F7E4007DD29D /* XCRemoteSwiftPackageReference "lottie-ios" */;
			productName = Lottie;
		};
/* End XCSwiftPackageProductDependency section */
	};
	rootObject = C81304B627C7F797007DD29D /* Project object */;
}
